// !$*UTF8*$!
{
	archiveVersion = 1;
	classes = {
	};
	objectVersion = 56;
	objects = {

/* Begin PBXBuildFile section */
		A973188F2AEEECFF009CB936 /* AppDelegate.swift in Sources */ = {isa = PBXBuildFile; fileRef = A973188E2AEEECFF009CB936 /* AppDelegate.swift */; };
		A97318912AEEECFF009CB936 /* SceneDelegate.swift in Sources */ = {isa = PBXBuildFile; fileRef = A97318902AEEECFF009CB936 /* SceneDelegate.swift */; };
		A97318932AEEECFF009CB936 /* ViewController.swift in Sources */ = {isa = PBXBuildFile; fileRef = A97318922AEEECFF009CB936 /* ViewController.swift */; };
		A97318982AEEED01009CB936 /* Assets.xcassets in Resources */ = {isa = PBXBuildFile; fileRef = A97318972AEEED01009CB936 /* Assets.xcassets */; };
		A973189B2AEEED01009CB936 /* LaunchScreen.storyboard in Resources */ = {isa = PBXBuildFile; fileRef = A97318992AEEED01009CB936 /* LaunchScreen.storyboard */; };
		A97318A32AEEF2BE009CB936 /* AddNewItemToListViewController.swift in Sources */ = {isa = PBXBuildFile; fileRef = A97318A22AEEF2BE009CB936 /* AddNewItemToListViewController.swift */; };
		A97318A52AEEFD46009CB936 /* list.swift in Sources */ = {isa = PBXBuildFile; fileRef = A97318A42AEEFD46009CB936 /* list.swift */; };
		A97318A72AEF0362009CB936 /* MoviesTableView.swift in Sources */ = {isa = PBXBuildFile; fileRef = A97318A62AEF0362009CB936 /* MoviesTableView.swift */; };
		A97318A92AEF17AF009CB936 /* DetailsViewControlerViewController.swift in Sources */ = {isa = PBXBuildFile; fileRef = A97318A82AEF17AF009CB936 /* DetailsViewControlerViewController.swift */; };
/* End PBXBuildFile section */

/* Begin PBXFileReference section */
		A973188B2AEEECFF009CB936 /* mymovies.app */ = {isa = PBXFileReference; explicitFileType = wrapper.application; includeInIndex = 0; path = mymovies.app; sourceTree = BUILT_PRODUCTS_DIR; };
		A973188E2AEEECFF009CB936 /* AppDelegate.swift */ = {isa = PBXFileReference; lastKnownFileType = sourcecode.swift; path = AppDelegate.swift; sourceTree = "<group>"; };
		A97318902AEEECFF009CB936 /* SceneDelegate.swift */ = {isa = PBXFileReference; lastKnownFileType = sourcecode.swift; path = SceneDelegate.swift; sourceTree = "<group>"; };
		A97318922AEEECFF009CB936 /* ViewController.swift */ = {isa = PBXFileReference; lastKnownFileType = sourcecode.swift; path = ViewController.swift; sourceTree = "<group>"; };
		A97318972AEEED01009CB936 /* Assets.xcassets */ = {isa = PBXFileReference; lastKnownFileType = folder.assetcatalog; path = Assets.xcassets; sourceTree = "<group>"; };
		A973189A2AEEED01009CB936 /* Base */ = {isa = PBXFileReference; lastKnownFileType = file.storyboard; name = Base; path = Base.lproj/LaunchScreen.storyboard; sourceTree = "<group>"; };
		A973189C2AEEED01009CB936 /* Info.plist */ = {isa = PBXFileReference; lastKnownFileType = text.plist.xml; path = Info.plist; sourceTree = "<group>"; };
		A97318A22AEEF2BE009CB936 /* AddNewItemToListViewController.swift */ = {isa = PBXFileReference; lastKnownFileType = sourcecode.swift; path = AddNewItemToListViewController.swift; sourceTree = "<group>"; };
		A97318A42AEEFD46009CB936 /* list.swift */ = {isa = PBXFileReference; lastKnownFileType = sourcecode.swift; path = list.swift; sourceTree = "<group>"; };
		A97318A62AEF0362009CB936 /* MoviesTableView.swift */ = {isa = PBXFileReference; lastKnownFileType = sourcecode.swift; path = MoviesTableView.swift; sourceTree = "<group>"; };
		A97318A82AEF17AF009CB936 /* DetailsViewControlerViewController.swift */ = {isa = PBXFileReference; lastKnownFileType = sourcecode.swift; path = DetailsViewControlerViewController.swift; sourceTree = "<group>"; };
/* End PBXFileReference section */

/* Begin PBXFrameworksBuildPhase section */
		A97318882AEEECFF009CB936 /* Frameworks */ = {
			isa = PBXFrameworksBuildPhase;
			buildActionMask = 2147483647;
			files = (
			);
			runOnlyForDeploymentPostprocessing = 0;
		};
/* End PBXFrameworksBuildPhase section */

/* Begin PBXGroup section */
		A97318822AEEECFF009CB936 = {
			isa = PBXGroup;
			children = (
				A973188D2AEEECFF009CB936 /* mymovies */,
				A973188C2AEEECFF009CB936 /* Products */,
			);
			sourceTree = "<group>";
		};
		A973188C2AEEECFF009CB936 /* Products */ = {
			isa = PBXGroup;
			children = (
				A973188B2AEEECFF009CB936 /* mymovies.app */,
			);
			name = Products;
			sourceTree = "<group>";
		};
		A973188D2AEEECFF009CB936 /* mymovies */ = {
			isa = PBXGroup;
			children = (
				A973188E2AEEECFF009CB936 /* AppDelegate.swift */,
				A97318902AEEECFF009CB936 /* SceneDelegate.swift */,
				A97318922AEEECFF009CB936 /* ViewController.swift */,
				A97318A62AEF0362009CB936 /* MoviesTableView.swift */,
				A97318A82AEF17AF009CB936 /* DetailsViewControlerViewController.swift */,
				A97318A22AEEF2BE009CB936 /* AddNewItemToListViewController.swift */,
				A97318A42AEEFD46009CB936 /* list.swift */,
				A97318972AEEED01009CB936 /* Assets.xcassets */,
				A97318992AEEED01009CB936 /* LaunchScreen.storyboard */,
				A973189C2AEEED01009CB936 /* Info.plist */,
			);
			path = mymovies;
			sourceTree = "<group>";
		};
/* End PBXGroup section */

/* Begin PBXNativeTarget section */
		A973188A2AEEECFF009CB936 /* mymovies */ = {
			isa = PBXNativeTarget;
			buildConfigurationList = A973189F2AEEED01009CB936 /* Build configuration list for PBXNativeTarget "mymovies" */;
			buildPhases = (
				A97318872AEEECFF009CB936 /* Sources */,
				A97318882AEEECFF009CB936 /* Frameworks */,
				A97318892AEEECFF009CB936 /* Resources */,
			);
			buildRules = (
			);
			dependencies = (
			);
			name = mymovies;
			productName = mymovies;
			productReference = A973188B2AEEECFF009CB936 /* mymovies.app */;
			productType = "com.apple.product-type.application";
		};
/* End PBXNativeTarget section */

/* Begin PBXProject section */
		A97318832AEEECFF009CB936 /* Project object */ = {
			isa = PBXProject;
			attributes = {
				BuildIndependentTargetsInParallel = 1;
				LastSwiftUpdateCheck = 1500;
				LastUpgradeCheck = 1500;
				TargetAttributes = {
					A973188A2AEEECFF009CB936 = {
						CreatedOnToolsVersion = 15.0;
					};
				};
			};
			buildConfigurationList = A97318862AEEECFF009CB936 /* Build configuration list for PBXProject "mymovies" */;
			compatibilityVersion = "Xcode 14.0";
			developmentRegion = en;
			hasScannedForEncodings = 0;
			knownRegions = (
				en,
				Base,
			);
			mainGroup = A97318822AEEECFF009CB936;
			productRefGroup = A973188C2AEEECFF009CB936 /* Products */;
			projectDirPath = "";
			projectRoot = "";
			targets = (
				A973188A2AEEECFF009CB936 /* mymovies */,
			);
		};
/* End PBXProject section */

/* Begin PBXResourcesBuildPhase section */
		A97318892AEEECFF009CB936 /* Resources */ = {
			isa = PBXResourcesBuildPhase;
			buildActionMask = 2147483647;
			files = (
				A973189B2AEEED01009CB936 /* LaunchScreen.storyboard in Resources */,
				A97318982AEEED01009CB936 /* Assets.xcassets in Resources */,
			);
			runOnlyForDeploymentPostprocessing = 0;
		};
/* End PBXResourcesBuildPhase section */

/* Begin PBXSourcesBuildPhase section */
		A97318872AEEECFF009CB936 /* Sources */ = {
			isa = PBXSourcesBuildPhase;
			buildActionMask = 2147483647;
			files = (
				A97318A72AEF0362009CB936 /* MoviesTableView.swift in Sources */,
				A97318A52AEEFD46009CB936 /* list.swift in Sources */,
				A97318932AEEECFF009CB936 /* ViewController.swift in Sources */,
				A973188F2AEEECFF009CB936 /* AppDelegate.swift in Sources */,
				A97318A92AEF17AF009CB936 /* DetailsViewControlerViewController.swift in Sources */,
				A97318912AEEECFF009CB936 /* SceneDelegate.swift in Sources */,
				A97318A32AEEF2BE009CB936 /* AddNewItemToListViewController.swift in Sources */,
			);
			runOnlyForDeploymentPostprocessing = 0;
		};
/* End PBXSourcesBuildPhase section */

/* Begin PBXVariantGroup section */
		A97318992AEEED01009CB936 /* LaunchScreen.storyboard */ = {
			isa = PBXVariantGroup;
			children = (
				A973189A2AEEED01009CB936 /* Base */,
			);
			name = LaunchScreen.storyboard;
			sourceTree = "<group>";
		};
/* End PBXVariantGroup section */

/* Begin XCBuildConfiguration section */
		A973189D2AEEED01009CB936 /* Debug */ = {
			isa = XCBuildConfiguration;
			buildSettings = {
				ALWAYS_SEARCH_USER_PATHS = NO;
				ASSETCATALOG_COMPILER_GENERATE_SWIFT_ASSET_SYMBOL_EXTENSIONS = YES;
				CLANG_ANALYZER_NONNULL = YES;
				CLANG_ANALYZER_NUMBER_OBJECT_CONVERSION = YES_AGGRESSIVE;
				CLANG_CXX_LANGUAGE_STANDARD = "gnu++20";
				CLANG_ENABLE_MODULES = YES;
				CLANG_ENABLE_OBJC_ARC = YES;
				CLANG_ENABLE_OBJC_WEAK = YES;
				CLANG_WARN_BLOCK_CAPTURE_AUTORELEASING = YES;
				CLANG_WARN_BOOL_CONVERSION = YES;
				CLANG_WARN_COMMA = YES;
				CLANG_WARN_CONSTANT_CONVERSION = YES;
				CLANG_WARN_DEPRECATED_OBJC_IMPLEMENTATIONS = YES;
				CLANG_WARN_DIRECT_OBJC_ISA_USAGE = YES_ERROR;
				CLANG_WARN_DOCUMENTATION_COMMENTS = YES;
				CLANG_WARN_EMPTY_BODY = YES;
				CLANG_WARN_ENUM_CONVERSION = YES;
				CLANG_WARN_INFINITE_RECURSION = YES;
				CLANG_WARN_INT_CONVERSION = YES;
				CLANG_WARN_NON_LITERAL_NULL_CONVERSION = YES;
				CLANG_WARN_OBJC_IMPLICIT_RETAIN_SELF = YES;
				CLANG_WARN_OBJC_LITERAL_CONVERSION = YES;
				CLANG_WARN_OBJC_ROOT_CLASS = YES_ERROR;
				CLANG_WARN_QUOTED_INCLUDE_IN_FRAMEWORK_HEADER = YES;
				CLANG_WARN_RANGE_LOOP_ANALYSIS = YES;
				CLANG_WARN_STRICT_PROTOTYPES = YES;
				CLANG_WARN_SUSPICIOUS_MOVE = YES;
				CLANG_WARN_UNGUARDED_AVAILABILITY = YES_AGGRESSIVE;
				CLANG_WARN_UNREACHABLE_CODE = YES;
				CLANG_WARN__DUPLICATE_METHOD_MATCH = YES;
				COPY_PHASE_STRIP = NO;
				DEBUG_INFORMATION_FORMAT = dwarf;
				ENABLE_STRICT_OBJC_MSGSEND = YES;
				ENABLE_TESTABILITY = YES;
				ENABLE_USER_SCRIPT_SANDBOXING = YES;
				GCC_C_LANGUAGE_STANDARD = gnu17;
				GCC_DYNAMIC_NO_PIC = NO;
				GCC_NO_COMMON_BLOCKS = YES;
				GCC_OPTIMIZATION_LEVEL = 0;
				GCC_PREPROCESSOR_DEFINITIONS = (
					"DEBUG=1",
					"$(inherited)",
				);
				GCC_WARN_64_TO_32_BIT_CONVERSION = YES;
				GCC_WARN_ABOUT_RETURN_TYPE = YES_ERROR;
				GCC_WARN_UNDECLARED_SELECTOR = YES;
				GCC_WARN_UNINITIALIZED_AUTOS = YES_AGGRESSIVE;
				GCC_WARN_UNUSED_FUNCTION = YES;
				GCC_WARN_UNUSED_VARIABLE = YES;
				IPHONEOS_DEPLOYMENT_TARGET = 17.0;
				LOCALIZATION_PREFERS_STRING_CATALOGS = YES;
				MTL_ENABLE_DEBUG_INFO = INCLUDE_SOURCE;
				MTL_FAST_MATH = YES;
				ONLY_ACTIVE_ARCH = YES;
				SDKROOT = iphoneos;
				SWIFT_ACTIVE_COMPILATION_CONDITIONS = "DEBUG $(inherited)";
				SWIFT_OPTIMIZATION_LEVEL = "-Onone";
			};
			name = Debug;
		};
		A973189E2AEEED01009CB936 /* Release */ = {
			isa = XCBuildConfiguration;
			buildSettings = {
				ALWAYS_SEARCH_USER_PATHS = NO;
				ASSETCATALOG_COMPILER_GENERATE_SWIFT_ASSET_SYMBOL_EXTENSIONS = YES;
				CLANG_ANALYZER_NONNULL = YES;
				CLANG_ANALYZER_NUMBER_OBJECT_CONVERSION = YES_AGGRESSIVE;
				CLANG_CXX_LANGUAGE_STANDARD = "gnu++20";
				CLANG_ENABLE_MODULES = YES;
				CLANG_ENABLE_OBJC_ARC = YES;
				CLANG_ENABLE_OBJC_WEAK = YES;
				CLANG_WARN_BLOCK_CAPTURE_AUTORELEASING = YES;
				CLANG_WARN_BOOL_CONVERSION = YES;
				CLANG_WARN_COMMA = YES;
				CLANG_WARN_CONSTANT_CONVERSION = YES;
				CLANG_WARN_DEPRECATED_OBJC_IMPLEMENTATIONS = YES;
				CLANG_WARN_DIRECT_OBJC_ISA_USAGE = YES_ERROR;
				CLANG_WARN_DOCUMENTATION_COMMENTS = YES;
				CLANG_WARN_EMPTY_BODY = YES;
				CLANG_WARN_ENUM_CONVERSION = YES;
				CLANG_WARN_INFINITE_RECURSION = YES;
				CLANG_WARN_INT_CONVERSION = YES;
				CLANG_WARN_NON_LITERAL_NULL_CONVERSION = YES;
				CLANG_WARN_OBJC_IMPLICIT_RETAIN_SELF = YES;
				CLANG_WARN_OBJC_LITERAL_CONVERSION = YES;
				CLANG_WARN_OBJC_ROOT_CLASS = YES_ERROR;
				CLANG_WARN_QUOTED_INCLUDE_IN_FRAMEWORK_HEADER = YES;
				CLANG_WARN_RANGE_LOOP_ANALYSIS = YES;
				CLANG_WARN_STRICT_PROTOTYPES = YES;
				CLANG_WARN_SUSPICIOUS_MOVE = YES;
				CLANG_WARN_UNGUARDED_AVAILABILITY = YES_AGGRESSIVE;
				CLANG_WARN_UNREACHABLE_CODE = YES;
				CLANG_WARN__DUPLICATE_METHOD_MATCH = YES;
				COPY_PHASE_STRIP = NO;
				DEBUG_INFORMATION_FORMAT = "dwarf-with-dsym";
				ENABLE_NS_ASSERTIONS = NO;
				ENABLE_STRICT_OBJC_MSGSEND = YES;
				ENABLE_USER_SCRIPT_SANDBOXING = YES;
				GCC_C_LANGUAGE_STANDARD = gnu17;
				GCC_NO_COMMON_BLOCKS = YES;
				GCC_WARN_64_TO_32_BIT_CONVERSION = YES;
				GCC_WARN_ABOUT_RETURN_TYPE = YES_ERROR;
				GCC_WARN_UNDECLARED_SELECTOR = YES;
				GCC_WARN_UNINITIALIZED_AUTOS = YES_AGGRESSIVE;
				GCC_WARN_UNUSED_FUNCTION = YES;
				GCC_WARN_UNUSED_VARIABLE = YES;
				IPHONEOS_DEPLOYMENT_TARGET = 17.0;
				LOCALIZATION_PREFERS_STRING_CATALOGS = YES;
				MTL_ENABLE_DEBUG_INFO = NO;
				MTL_FAST_MATH = YES;
				SDKROOT = iphoneos;
				SWIFT_COMPILATION_MODE = wholemodule;
				VALIDATE_PRODUCT = YES;
			};
			name = Release;
		};
		A97318A02AEEED01009CB936 /* Debug */ = {
			isa = XCBuildConfiguration;
			buildSettings = {
				ASSETCATALOG_COMPILER_APPICON_NAME = AppIcon;
				ASSETCATALOG_COMPILER_GLOBAL_ACCENT_COLOR_NAME = AccentColor;
				CODE_SIGN_STYLE = Automatic;
				CURRENT_PROJECT_VERSION = 1;
				GENERATE_INFOPLIST_FILE = YES;
				INFOPLIST_FILE = mymovies/Info.plist;
				INFOPLIST_KEY_UIApplicationSupportsIndirectInputEvents = YES;
				INFOPLIST_KEY_UILaunchStoryboardName = LaunchScreen;
				INFOPLIST_KEY_UISupportedInterfaceOrientations_iPad = "UIInterfaceOrientationPortrait UIInterfaceOrientationPortraitUpsideDown UIInterfaceOrientationLandscapeLeft UIInterfaceOrientationLandscapeRight";
				INFOPLIST_KEY_UISupportedInterfaceOrientations_iPhone = "UIInterfaceOrientationPortrait UIInterfaceOrientationLandscapeLeft UIInterfaceOrientationLandscapeRight";
				LD_RUNPATH_SEARCH_PATHS = (
					"$(inherited)",
					"@executable_path/Frameworks",
				);
				MARKETING_VERSION = 1.0;
				PRODUCT_BUNDLE_IDENTIFIER = test.mymovies;
				PRODUCT_NAME = "$(TARGET_NAME)";
				SWIFT_EMIT_LOC_STRINGS = YES;
				SWIFT_VERSION = 5.0;
				TARGETED_DEVICE_FAMILY = "1,2";
			};
			name = Debug;
		};
		A97318A12AEEED01009CB936 /* Release */ = {
			isa = XCBuildConfiguration;
			buildSettings = {
				ASSETCATALOG_COMPILER_APPICON_NAME = AppIcon;
				ASSETCATALOG_COMPILER_GLOBAL_ACCENT_COLOR_NAME = AccentColor;
				CODE_SIGN_STYLE = Automatic;
				CURRENT_PROJECT_VERSION = 1;
				GENERATE_INFOPLIST_FILE = YES;
				INFOPLIST_FILE = mymovies/Info.plist;
				INFOPLIST_KEY_UIApplicationSupportsIndirectInputEvents = YES;
				INFOPLIST_KEY_UILaunchStoryboardName = LaunchScreen;
				INFOPLIST_KEY_UISupportedInterfaceOrientations_iPad = "UIInterfaceOrientationPortrait UIInterfaceOrientationPortraitUpsideDown UIInterfaceOrientationLandscapeLeft UIInterfaceOrientationLandscapeRight";
				INFOPLIST_KEY_UISupportedInterfaceOrientations_iPhone = "UIInterfaceOrientationPortrait UIInterfaceOrientationLandscapeLeft UIInterfaceOrientationLandscapeRight";
				LD_RUNPATH_SEARCH_PATHS = (
					"$(inherited)",
					"@executable_path/Frameworks",
				);
				MARKETING_VERSION = 1.0;
				PRODUCT_BUNDLE_IDENTIFIER = test.mymovies;
				PRODUCT_NAME = "$(TARGET_NAME)";
				SWIFT_EMIT_LOC_STRINGS = YES;
				SWIFT_VERSION = 5.0;
				TARGETED_DEVICE_FAMILY = "1,2";
			};
			name = Release;
		};
/* End XCBuildConfiguration section */

/* Begin XCConfigurationList section */
		A97318862AEEECFF009CB936 /* Build configuration list for PBXProject "mymovies" */ = {
			isa = XCConfigurationList;
			buildConfigurations = (
				A973189D2AEEED01009CB936 /* Debug */,
				A973189E2AEEED01009CB936 /* Release */,
			);
			defaultConfigurationIsVisible = 0;
			defaultConfigurationName = Release;
		};
		A973189F2AEEED01009CB936 /* Build configuration list for PBXNativeTarget "mymovies" */ = {
			isa = XCConfigurationList;
			buildConfigurations = (
				A97318A02AEEED01009CB936 /* Debug */,
				A97318A12AEEED01009CB936 /* Release */,
			);
			defaultConfigurationIsVisible = 0;
			defaultConfigurationName = Release;
		};
/* End XCConfigurationList section */
	};
	rootObject = A97318832AEEECFF009CB936 /* Project object */;
}
